PODS:
  - EZAudio (1.1.5):
    - EZAudio/Full (= 1.1.5)
  - EZAudio/Core (1.1.5)
  - EZAudio/Full (1.1.5):
    - EZAudio/Core
    - TPCircularBuffer (= 1.1)
  - libogg (1.3.2)
  - liboggz (1.1.1):
    - libogg (>= 1.0)
  - TPCircularBuffer (1.1)

DEPENDENCIES:
  - EZAudio
  - libogg
  - liboggz
  - TPCircularBuffer

SPEC CHECKSUMS:
  EZAudio: 3b1cb4b6d7ebca68f0c2478576d75940aad4aa99
  libogg: 924cd993b3fcf4d93568f7d582496061ef82716e
  liboggz: 6605f8cd394de0fe330957507179f6bdcce716d1
  TPCircularBuffer: 4960a919e667280f7f38963d771f45871b64fe62

PODFILE CHECKSUM: b5b2e6036f270283e28d8c80094d7dbee1902e04

COCOAPODS: 1.1.1
