// !$*UTF8*$!
{
	archiveVersion = 1;
	classes = {
	};
	objectVersion = 46;
	objects = {

/* Begin PBXBuildFile section */
		327912DE3A84D738ED79B73C /* Pods_AudioLogger_iOS.framework in Frameworks */ = {isa = PBXBuildFile; fileRef = 1046029DD0533C30368EA2E5 /* Pods_AudioLogger_iOS.framework */; };
		9350163C1E1A076700B986D8 /* IDViewController.swift in Sources */ = {isa = PBXBuildFile; fileRef = 9350163B1E1A076700B986D8 /* IDViewController.swift */; };
		9350163F1E1A07D400B986D8 /* TagViewController.swift in Sources */ = {isa = PBXBuildFile; fileRef = 9350163E1E1A07D400B986D8 /* TagViewController.swift */; };
		939B39B61E22FF43007230E1 /* EZAudioiOS.framework in Frameworks */ = {isa = PBXBuildFile; fileRef = 939B39AF1E22F0A9007230E1 /* EZAudioiOS.framework */; };
		939B39B71E22FF43007230E1 /* EZAudioiOS.framework in Embed Frameworks */ = {isa = PBXBuildFile; fileRef = 939B39AF1E22F0A9007230E1 /* EZAudioiOS.framework */; settings = {ATTRIBUTES = (CodeSignOnCopy, RemoveHeadersOnCopy, ); }; };
		93C707C81E19C101008A0A39 /* AppDelegate.swift in Sources */ = {isa = PBXBuildFile; fileRef = 93C707C71E19C101008A0A39 /* AppDelegate.swift */; };
		93C707CA1E19C101008A0A39 /* MainViewController.swift in Sources */ = {isa = PBXBuildFile; fileRef = 93C707C91E19C101008A0A39 /* MainViewController.swift */; };
		93C707CD1E19C101008A0A39 /* Main.storyboard in Resources */ = {isa = PBXBuildFile; fileRef = 93C707CB1E19C101008A0A39 /* Main.storyboard */; };
		93C707CF1E19C101008A0A39 /* Assets.xcassets in Resources */ = {isa = PBXBuildFile; fileRef = 93C707CE1E19C101008A0A39 /* Assets.xcassets */; };
		93C707D21E19C101008A0A39 /* LaunchScreen.storyboard in Resources */ = {isa = PBXBuildFile; fileRef = 93C707D01E19C101008A0A39 /* LaunchScreen.storyboard */; };
		93D8F9BB1E20CD3200E2D94E /* FullscreenCell.swift in Sources */ = {isa = PBXBuildFile; fileRef = 93D8F9BA1E20CD3200E2D94E /* FullscreenCell.swift */; };
/* End PBXBuildFile section */

/* Begin PBXContainerItemProxy section */
		939B39AE1E22F0A9007230E1 /* PBXContainerItemProxy */ = {
			isa = PBXContainerItemProxy;
			containerPortal = 939B39A91E22F0A8007230E1 /* EZAudio.xcodeproj */;
			proxyType = 2;
			remoteGlobalIDString = 469F4CF31B749F7800666A46;
			remoteInfo = EZAudioiOS;
		};
		939B39B01E22F0A9007230E1 /* PBXContainerItemProxy */ = {
			isa = PBXContainerItemProxy;
			containerPortal = 939B39A91E22F0A8007230E1 /* EZAudio.xcodeproj */;
			proxyType = 2;
			remoteGlobalIDString = 8A5A4B9C1BBBDCB200A8A048;
			remoteInfo = EZAudioOSX;
		};
		939B39B41E22F0F2007230E1 /* PBXContainerItemProxy */ = {
			isa = PBXContainerItemProxy;
			containerPortal = 939B39A91E22F0A8007230E1 /* EZAudio.xcodeproj */;
			proxyType = 1;
			remoteGlobalIDString = 469F4CF21B749F7800666A46;
			remoteInfo = EZAudioiOS;
		};
		939B39B81E22FF43007230E1 /* PBXContainerItemProxy */ = {
			isa = PBXContainerItemProxy;
			containerPortal = 939B39A91E22F0A8007230E1 /* EZAudio.xcodeproj */;
			proxyType = 1;
			remoteGlobalIDString = 469F4CF21B749F7800666A46;
			remoteInfo = EZAudioiOS;
		};
/* End PBXContainerItemProxy section */

/* Begin PBXCopyFilesBuildPhase section */
		939B39BA1E22FF43007230E1 /* Embed Frameworks */ = {
			isa = PBXCopyFilesBuildPhase;
			buildActionMask = 2147483647;
			dstPath = "";
			dstSubfolderSpec = 10;
			files = (
				939B39B71E22FF43007230E1 /* EZAudioiOS.framework in Embed Frameworks */,
			);
			name = "Embed Frameworks";
			runOnlyForDeploymentPostprocessing = 0;
		};
/* End PBXCopyFilesBuildPhase section */

/* Begin PBXFileReference section */
		1046029DD0533C30368EA2E5 /* Pods_AudioLogger_iOS.framework */ = {isa = PBXFileReference; explicitFileType = wrapper.framework; includeInIndex = 0; path = Pods_AudioLogger_iOS.framework; sourceTree = BUILT_PRODUCTS_DIR; };
		9350163B1E1A076700B986D8 /* IDViewController.swift */ = {isa = PBXFileReference; fileEncoding = 4; lastKnownFileType = sourcecode.swift; path = IDViewController.swift; sourceTree = "<group>"; };
		9350163E1E1A07D400B986D8 /* TagViewController.swift */ = {isa = PBXFileReference; fileEncoding = 4; lastKnownFileType = sourcecode.swift; path = TagViewController.swift; sourceTree = "<group>"; };
		9384DAE91E1A358E002CC0B0 /* AudioLogger-iOS-Bridging-Header.h */ = {isa = PBXFileReference; lastKnownFileType = sourcecode.c.h; path = "AudioLogger-iOS-Bridging-Header.h"; sourceTree = "<group>"; };
		939B39A91E22F0A8007230E1 /* EZAudio.xcodeproj */ = {isa = PBXFileReference; lastKnownFileType = "wrapper.pb-project"; name = EZAudio.xcodeproj; path = Dependencies/EZAudio/EZAudio.xcodeproj; sourceTree = SOURCE_ROOT; };
		93C707C41E19C101008A0A39 /* AudioLogger-iOS.app */ = {isa = PBXFileReference; explicitFileType = wrapper.application; includeInIndex = 0; path = "AudioLogger-iOS.app"; sourceTree = BUILT_PRODUCTS_DIR; };
		93C707C71E19C101008A0A39 /* AppDelegate.swift */ = {isa = PBXFileReference; lastKnownFileType = sourcecode.swift; path = AppDelegate.swift; sourceTree = "<group>"; };
		93C707C91E19C101008A0A39 /* MainViewController.swift */ = {isa = PBXFileReference; lastKnownFileType = sourcecode.swift; path = MainViewController.swift; sourceTree = "<group>"; };
		93C707CC1E19C101008A0A39 /* Base */ = {isa = PBXFileReference; lastKnownFileType = file.storyboard; name = Base; path = Base.lproj/Main.storyboard; sourceTree = "<group>"; };
		93C707CE1E19C101008A0A39 /* Assets.xcassets */ = {isa = PBXFileReference; lastKnownFileType = folder.assetcatalog; path = Assets.xcassets; sourceTree = "<group>"; };
		93C707D11E19C101008A0A39 /* Base */ = {isa = PBXFileReference; lastKnownFileType = file.storyboard; name = Base; path = Base.lproj/LaunchScreen.storyboard; sourceTree = "<group>"; };
		93C707D31E19C101008A0A39 /* Info.plist */ = {isa = PBXFileReference; lastKnownFileType = text.plist.xml; path = Info.plist; sourceTree = "<group>"; };
		93D8F9BA1E20CD3200E2D94E /* FullscreenCell.swift */ = {isa = PBXFileReference; fileEncoding = 4; lastKnownFileType = sourcecode.swift; path = FullscreenCell.swift; sourceTree = "<group>"; };
		CC1FF1E22E7F97D78A6C7C67 /* Pods-AudioLogger-iOS.release.xcconfig */ = {isa = PBXFileReference; includeInIndex = 1; lastKnownFileType = text.xcconfig; name = "Pods-AudioLogger-iOS.release.xcconfig"; path = "Pods/Target Support Files/Pods-AudioLogger-iOS/Pods-AudioLogger-iOS.release.xcconfig"; sourceTree = "<group>"; };
		F7B70CF899F2594CAD947900 /* Pods-AudioLogger-iOS.debug.xcconfig */ = {isa = PBXFileReference; includeInIndex = 1; lastKnownFileType = text.xcconfig; name = "Pods-AudioLogger-iOS.debug.xcconfig"; path = "Pods/Target Support Files/Pods-AudioLogger-iOS/Pods-AudioLogger-iOS.debug.xcconfig"; sourceTree = "<group>"; };
/* End PBXFileReference section */

/* Begin PBXFrameworksBuildPhase section */
		93C707C11E19C101008A0A39 /* Frameworks */ = {
			isa = PBXFrameworksBuildPhase;
			buildActionMask = 2147483647;
			files = (
				939B39B61E22FF43007230E1 /* EZAudioiOS.framework in Frameworks */,
				327912DE3A84D738ED79B73C /* Pods_AudioLogger_iOS.framework in Frameworks */,
			);
			runOnlyForDeploymentPostprocessing = 0;
		};
/* End PBXFrameworksBuildPhase section */

/* Begin PBXGroup section */
		9350163D1E1A07A600B986D8 /* Helper Files */ = {
			isa = PBXGroup;
			children = (
				9384DAE91E1A358E002CC0B0 /* AudioLogger-iOS-Bridging-Header.h */,
				93C707CE1E19C101008A0A39 /* Assets.xcassets */,
				93C707D01E19C101008A0A39 /* LaunchScreen.storyboard */,
				93C707D31E19C101008A0A39 /* Info.plist */,
			);
			name = "Helper Files";
			sourceTree = "<group>";
		};
		939B39A81E22EE57007230E1 /* Dependencies */ = {
			isa = PBXGroup;
			children = (
				939B39A91E22F0A8007230E1 /* EZAudio.xcodeproj */,
			);
			name = Dependencies;
			path = "AudioLogger-iOS";
			sourceTree = "<group>";
		};
		939B39AA1E22F0A8007230E1 /* Products */ = {
			isa = PBXGroup;
			children = (
				939B39AF1E22F0A9007230E1 /* EZAudioiOS.framework */,
				939B39B11E22F0A9007230E1 /* EZAudioOSX.framework */,
			);
			name = Products;
			sourceTree = "<group>";
		};
		93C707BB1E19C101008A0A39 = {
			isa = PBXGroup;
			children = (
				93C707C61E19C101008A0A39 /* AudioLogger-iOS */,
				939B39A81E22EE57007230E1 /* Dependencies */,
				93C707C51E19C101008A0A39 /* Products */,
				D7D5E110D78A252CAAE8175D /* Pods */,
				D71BBB09E5933279B6FFBCE5 /* Frameworks */,
			);
			sourceTree = "<group>";
		};
		93C707C51E19C101008A0A39 /* Products */ = {
			isa = PBXGroup;
			children = (
				93C707C41E19C101008A0A39 /* AudioLogger-iOS.app */,
			);
			name = Products;
			sourceTree = "<group>";
		};
		93C707C61E19C101008A0A39 /* AudioLogger-iOS */ = {
			isa = PBXGroup;
			children = (
				93D8F9B51E20CC5200E2D94E /* AppDelegate */,
				93D8F9B61E20CC5700E2D94E /* Controllers */,
				93D8F9B71E20CC5E00E2D94E /* Views */,
				93C707CB1E19C101008A0A39 /* Main.storyboard */,
				9350163D1E1A07A600B986D8 /* Helper Files */,
			);
			path = "AudioLogger-iOS";
			sourceTree = "<group>";
		};
		93D8F9B51E20CC5200E2D94E /* AppDelegate */ = {
			isa = PBXGroup;
			children = (
				93C707C71E19C101008A0A39 /* AppDelegate.swift */,
			);
			name = AppDelegate;
			sourceTree = "<group>";
		};
		93D8F9B61E20CC5700E2D94E /* Controllers */ = {
			isa = PBXGroup;
			children = (
				93C707C91E19C101008A0A39 /* MainViewController.swift */,
				9350163E1E1A07D400B986D8 /* TagViewController.swift */,
				9350163B1E1A076700B986D8 /* IDViewController.swift */,
			);
			name = Controllers;
			sourceTree = "<group>";
		};
		93D8F9B71E20CC5E00E2D94E /* Views */ = {
			isa = PBXGroup;
			children = (
				93D8F9BA1E20CD3200E2D94E /* FullscreenCell.swift */,
			);
			name = Views;
			sourceTree = "<group>";
		};
		D71BBB09E5933279B6FFBCE5 /* Frameworks */ = {
			isa = PBXGroup;
			children = (
				1046029DD0533C30368EA2E5 /* Pods_AudioLogger_iOS.framework */,
			);
			name = Frameworks;
			sourceTree = "<group>";
		};
		D7D5E110D78A252CAAE8175D /* Pods */ = {
			isa = PBXGroup;
			children = (
				F7B70CF899F2594CAD947900 /* Pods-AudioLogger-iOS.debug.xcconfig */,
				CC1FF1E22E7F97D78A6C7C67 /* Pods-AudioLogger-iOS.release.xcconfig */,
			);
			name = Pods;
			sourceTree = "<group>";
		};
/* End PBXGroup section */

/* Begin PBXNativeTarget section */
		93C707C31E19C101008A0A39 /* AudioLogger-iOS */ = {
			isa = PBXNativeTarget;
			buildConfigurationList = 93C707D61E19C101008A0A39 /* Build configuration list for PBXNativeTarget "AudioLogger-iOS" */;
			buildPhases = (
				0F588DFCA1BA0EDA063EFCBF /* [CP] Check Pods Manifest.lock */,
				93C707C01E19C101008A0A39 /* Sources */,
				93C707C11E19C101008A0A39 /* Frameworks */,
				93C707C21E19C101008A0A39 /* Resources */,
				5E1E2BBE653BF66A812BAD57 /* [CP] Embed Pods Frameworks */,
				3CEF808E8B69AA91562D04B6 /* [CP] Copy Pods Resources */,
				939B39BA1E22FF43007230E1 /* Embed Frameworks */,
			);
			buildRules = (
			);
			dependencies = (
				939B39B51E22F0F2007230E1 /* PBXTargetDependency */,
				939B39B91E22FF43007230E1 /* PBXTargetDependency */,
			);
			name = "AudioLogger-iOS";
			productName = "AudioLogger-iOS";
			productReference = 93C707C41E19C101008A0A39 /* AudioLogger-iOS.app */;
			productType = "com.apple.product-type.application";
		};
/* End PBXNativeTarget section */

/* Begin PBXProject section */
		93C707BC1E19C101008A0A39 /* Project object */ = {
			isa = PBXProject;
			attributes = {
				LastSwiftUpdateCheck = 0820;
				LastUpgradeCheck = 0820;
				ORGANIZATIONNAME = bcattle;
				TargetAttributes = {
					93C707C31E19C101008A0A39 = {
						CreatedOnToolsVersion = 8.0;
						DevelopmentTeam = 2BB96LL2BX;
						LastSwiftMigration = 0800;
						ProvisioningStyle = Automatic;
					};
				};
			};
			buildConfigurationList = 93C707BF1E19C101008A0A39 /* Build configuration list for PBXProject "AudioLogger-iOS" */;
			compatibilityVersion = "Xcode 3.2";
			developmentRegion = English;
			hasScannedForEncodings = 0;
			knownRegions = (
				en,
				Base,
			);
			mainGroup = 93C707BB1E19C101008A0A39;
			productRefGroup = 93C707C51E19C101008A0A39 /* Products */;
			projectDirPath = "";
			projectReferences = (
				{
					ProductGroup = 939B39AA1E22F0A8007230E1 /* Products */;
					ProjectRef = 939B39A91E22F0A8007230E1 /* EZAudio.xcodeproj */;
				},
			);
			projectRoot = "";
			targets = (
				93C707C31E19C101008A0A39 /* AudioLogger-iOS */,
			);
		};
/* End PBXProject section */

/* Begin PBXReferenceProxy section */
		939B39AF1E22F0A9007230E1 /* EZAudioiOS.framework */ = {
			isa = PBXReferenceProxy;
			fileType = wrapper.framework;
			path = EZAudioiOS.framework;
			remoteRef = 939B39AE1E22F0A9007230E1 /* PBXContainerItemProxy */;
			sourceTree = BUILT_PRODUCTS_DIR;
		};
		939B39B11E22F0A9007230E1 /* EZAudioOSX.framework */ = {
			isa = PBXReferenceProxy;
			fileType = wrapper.framework;
			path = EZAudioOSX.framework;
			remoteRef = 939B39B01E22F0A9007230E1 /* PBXContainerItemProxy */;
			sourceTree = BUILT_PRODUCTS_DIR;
		};
/* End PBXReferenceProxy section */

/* Begin PBXResourcesBuildPhase section */
		93C707C21E19C101008A0A39 /* Resources */ = {
			isa = PBXResourcesBuildPhase;
			buildActionMask = 2147483647;
			files = (
				93C707D21E19C101008A0A39 /* LaunchScreen.storyboard in Resources */,
				93C707CF1E19C101008A0A39 /* Assets.xcassets in Resources */,
				93C707CD1E19C101008A0A39 /* Main.storyboard in Resources */,
			);
			runOnlyForDeploymentPostprocessing = 0;
		};
/* End PBXResourcesBuildPhase section */

/* Begin PBXShellScriptBuildPhase section */
		0F588DFCA1BA0EDA063EFCBF /* [CP] Check Pods Manifest.lock */ = {
			isa = PBXShellScriptBuildPhase;
			buildActionMask = 2147483647;
			files = (
			);
			inputPaths = (
			);
			name = "[CP] Check Pods Manifest.lock";
			outputPaths = (
			);
			runOnlyForDeploymentPostprocessing = 0;
			shellPath = /bin/sh;
			shellScript = "diff \"${PODS_ROOT}/../Podfile.lock\" \"${PODS_ROOT}/Manifest.lock\" > /dev/null\nif [ $? != 0 ] ; then\n    # print error to STDERR\n    echo \"error: The sandbox is not in sync with the Podfile.lock. Run 'pod install' or update your CocoaPods installation.\" >&2\n    exit 1\nfi\n";
			showEnvVarsInLog = 0;
		};
		3CEF808E8B69AA91562D04B6 /* [CP] Copy Pods Resources */ = {
			isa = PBXShellScriptBuildPhase;
			buildActionMask = 2147483647;
			files = (
			);
			inputPaths = (
			);
			name = "[CP] Copy Pods Resources";
			outputPaths = (
			);
			runOnlyForDeploymentPostprocessing = 0;
			shellPath = /bin/sh;
			shellScript = "\"${SRCROOT}/Pods/Target Support Files/Pods-AudioLogger-iOS/Pods-AudioLogger-iOS-resources.sh\"\n";
			showEnvVarsInLog = 0;
		};
		5E1E2BBE653BF66A812BAD57 /* [CP] Embed Pods Frameworks */ = {
			isa = PBXShellScriptBuildPhase;
			buildActionMask = 2147483647;
			files = (
			);
			inputPaths = (
			);
			name = "[CP] Embed Pods Frameworks";
			outputPaths = (
			);
			runOnlyForDeploymentPostprocessing = 0;
			shellPath = /bin/sh;
			shellScript = "\"${SRCROOT}/Pods/Target Support Files/Pods-AudioLogger-iOS/Pods-AudioLogger-iOS-frameworks.sh\"\n";
			showEnvVarsInLog = 0;
		};
/* End PBXShellScriptBuildPhase section */

/* Begin PBXSourcesBuildPhase section */
		93C707C01E19C101008A0A39 /* Sources */ = {
			isa = PBXSourcesBuildPhase;
			buildActionMask = 2147483647;
			files = (
				93C707CA1E19C101008A0A39 /* MainViewController.swift in Sources */,
				9350163F1E1A07D400B986D8 /* TagViewController.swift in Sources */,
				93C707C81E19C101008A0A39 /* AppDelegate.swift in Sources */,
				9350163C1E1A076700B986D8 /* IDViewController.swift in Sources */,
				93D8F9BB1E20CD3200E2D94E /* FullscreenCell.swift in Sources */,
			);
			runOnlyForDeploymentPostprocessing = 0;
		};
/* End PBXSourcesBuildPhase section */

/* Begin PBXTargetDependency section */
		939B39B51E22F0F2007230E1 /* PBXTargetDependency */ = {
			isa = PBXTargetDependency;
			name = EZAudioiOS;
			targetProxy = 939B39B41E22F0F2007230E1 /* PBXContainerItemProxy */;
		};
		939B39B91E22FF43007230E1 /* PBXTargetDependency */ = {
			isa = PBXTargetDependency;
			name = EZAudioiOS;
			targetProxy = 939B39B81E22FF43007230E1 /* PBXContainerItemProxy */;
		};
/* End PBXTargetDependency section */

/* Begin PBXVariantGroup section */
		93C707CB1E19C101008A0A39 /* Main.storyboard */ = {
			isa = PBXVariantGroup;
			children = (
				93C707CC1E19C101008A0A39 /* Base */,
			);
			name = Main.storyboard;
			sourceTree = "<group>";
		};
		93C707D01E19C101008A0A39 /* LaunchScreen.storyboard */ = {
			isa = PBXVariantGroup;
			children = (
				93C707D11E19C101008A0A39 /* Base */,
			);
			name = LaunchScreen.storyboard;
			sourceTree = "<group>";
		};
/* End PBXVariantGroup section */

/* Begin XCBuildConfiguration section */
		93C707D41E19C101008A0A39 /* Debug */ = {
			isa = XCBuildConfiguration;
			baseConfigurationReference = F7B70CF899F2594CAD947900 /* Pods-AudioLogger-iOS.debug.xcconfig */;
			buildSettings = {
				ALWAYS_SEARCH_USER_PATHS = NO;
				CLANG_ANALYZER_NONNULL = YES;
				CLANG_CXX_LANGUAGE_STANDARD = "gnu++0x";
				CLANG_CXX_LIBRARY = "libc++";
				CLANG_ENABLE_MODULES = YES;
				CLANG_ENABLE_OBJC_ARC = YES;
				CLANG_WARN_BOOL_CONVERSION = YES;
				CLANG_WARN_CONSTANT_CONVERSION = YES;
				CLANG_WARN_DIRECT_OBJC_ISA_USAGE = YES_ERROR;
				CLANG_WARN_DOCUMENTATION_COMMENTS = YES;
				CLANG_WARN_EMPTY_BODY = YES;
				CLANG_WARN_ENUM_CONVERSION = YES;
				CLANG_WARN_INFINITE_RECURSION = YES;
				CLANG_WARN_INT_CONVERSION = YES;
				CLANG_WARN_OBJC_ROOT_CLASS = YES_ERROR;
				CLANG_WARN_SUSPICIOUS_MOVE = YES;
				CLANG_WARN_SUSPICIOUS_MOVES = YES;
				CLANG_WARN_UNREACHABLE_CODE = YES;
				CLANG_WARN__DUPLICATE_METHOD_MATCH = YES;
				"CODE_SIGN_IDENTITY[sdk=iphoneos*]" = "iPhone Developer";
				COPY_PHASE_STRIP = NO;
				DEBUG_INFORMATION_FORMAT = dwarf;
				ENABLE_STRICT_OBJC_MSGSEND = YES;
				ENABLE_TESTABILITY = YES;
				GCC_C_LANGUAGE_STANDARD = gnu99;
				GCC_DYNAMIC_NO_PIC = NO;
				GCC_NO_COMMON_BLOCKS = YES;
				GCC_OPTIMIZATION_LEVEL = 0;
				GCC_PREPROCESSOR_DEFINITIONS = (
					"DEBUG=1",
					"$(inherited)",
				);
				GCC_WARN_64_TO_32_BIT_CONVERSION = YES;
				GCC_WARN_ABOUT_RETURN_TYPE = YES_ERROR;
				GCC_WARN_UNDECLARED_SELECTOR = YES;
				GCC_WARN_UNINITIALIZED_AUTOS = YES_AGGRESSIVE;
				GCC_WARN_UNUSED_FUNCTION = YES;
				GCC_WARN_UNUSED_VARIABLE = YES;
				IPHONEOS_DEPLOYMENT_TARGET = 10.0;
				MTL_ENABLE_DEBUG_INFO = YES;
				ONLY_ACTIVE_ARCH = YES;
				SDKROOT = iphoneos;
				SWIFT_ACTIVE_COMPILATION_CONDITIONS = DEBUG;
				SWIFT_OPTIMIZATION_LEVEL = "-Onone";
				TARGETED_DEVICE_FAMILY = "1,2";
			};
			name = Debug;
		};
		93C707D51E19C101008A0A39 /* Release */ = {
			isa = XCBuildConfiguration;
			baseConfigurationReference = F7B70CF899F2594CAD947900 /* Pods-AudioLogger-iOS.debug.xcconfig */;
			buildSettings = {
				ALWAYS_SEARCH_USER_PATHS = NO;
				CLANG_ANALYZER_NONNULL = YES;
				CLANG_CXX_LANGUAGE_STANDARD = "gnu++0x";
				CLANG_CXX_LIBRARY = "libc++";
				CLANG_ENABLE_MODULES = YES;
				CLANG_ENABLE_OBJC_ARC = YES;
				CLANG_WARN_BOOL_CONVERSION = YES;
				CLANG_WARN_CONSTANT_CONVERSION = YES;
				CLANG_WARN_DIRECT_OBJC_ISA_USAGE = YES_ERROR;
				CLANG_WARN_DOCUMENTATION_COMMENTS = YES;
				CLANG_WARN_EMPTY_BODY = YES;
				CLANG_WARN_ENUM_CONVERSION = YES;
				CLANG_WARN_INFINITE_RECURSION = YES;
				CLANG_WARN_INT_CONVERSION = YES;
				CLANG_WARN_OBJC_ROOT_CLASS = YES_ERROR;
				CLANG_WARN_SUSPICIOUS_MOVE = YES;
				CLANG_WARN_SUSPICIOUS_MOVES = YES;
				CLANG_WARN_UNREACHABLE_CODE = YES;
				CLANG_WARN__DUPLICATE_METHOD_MATCH = YES;
				"CODE_SIGN_IDENTITY[sdk=iphoneos*]" = "iPhone Developer";
				COPY_PHASE_STRIP = NO;
				DEBUG_INFORMATION_FORMAT = "dwarf-with-dsym";
				ENABLE_NS_ASSERTIONS = NO;
				ENABLE_STRICT_OBJC_MSGSEND = YES;
				GCC_C_LANGUAGE_STANDARD = gnu99;
				GCC_NO_COMMON_BLOCKS = YES;
				GCC_WARN_64_TO_32_BIT_CONVERSION = YES;
				GCC_WARN_ABOUT_RETURN_TYPE = YES_ERROR;
				GCC_WARN_UNDECLARED_SELECTOR = YES;
				GCC_WARN_UNINITIALIZED_AUTOS = YES_AGGRESSIVE;
				GCC_WARN_UNUSED_FUNCTION = YES;
				GCC_WARN_UNUSED_VARIABLE = YES;
				IPHONEOS_DEPLOYMENT_TARGET = 10.0;
				MTL_ENABLE_DEBUG_INFO = NO;
				SDKROOT = iphoneos;
				SWIFT_OPTIMIZATION_LEVEL = "-Owholemodule";
				TARGETED_DEVICE_FAMILY = "1,2";
				VALIDATE_PRODUCT = YES;
			};
			name = Release;
		};
		93C707D71E19C101008A0A39 /* Debug */ = {
			isa = XCBuildConfiguration;
			baseConfigurationReference = F7B70CF899F2594CAD947900 /* Pods-AudioLogger-iOS.debug.xcconfig */;
			buildSettings = {
				ASSETCATALOG_COMPILER_APPICON_NAME = AppIcon;
				CLANG_ENABLE_MODULES = YES;
				DEVELOPMENT_TEAM = 2BB96LL2BX;
				HEADER_SEARCH_PATHS = "$(inherited)";
				INFOPLIST_FILE = "AudioLogger-iOS/Info.plist";
				IPHONEOS_DEPLOYMENT_TARGET = 8.0;
				LD_RUNPATH_SEARCH_PATHS = "$(inherited) @executable_path/Frameworks";
				LIBRARY_SEARCH_PATHS = "$(inherited)";
				PRODUCT_BUNDLE_IDENTIFIER = "com.github.bcattle.AudioLogger-iOS";
				PRODUCT_NAME = "$(TARGET_NAME)";
				SWIFT_OBJC_BRIDGING_HEADER = "AudioLogger-iOS/AudioLogger-iOS-Bridging-Header.h";
				SWIFT_OPTIMIZATION_LEVEL = "-Onone";
				SWIFT_VERSION = 3.0;
			};
			name = Debug;
		};
		93C707D81E19C101008A0A39 /* Release */ = {
			isa = XCBuildConfiguration;
			baseConfigurationReference = CC1FF1E22E7F97D78A6C7C67 /* Pods-AudioLogger-iOS.release.xcconfig */;
			buildSettings = {
				ASSETCATALOG_COMPILER_APPICON_NAME = AppIcon;
				CLANG_ENABLE_MODULES = YES;
				DEVELOPMENT_TEAM = 2BB96LL2BX;
				HEADER_SEARCH_PATHS = "$(inherited)";
				INFOPLIST_FILE = "AudioLogger-iOS/Info.plist";
				IPHONEOS_DEPLOYMENT_TARGET = 8.0;
				LD_RUNPATH_SEARCH_PATHS = "$(inherited) @executable_path/Frameworks";
				LIBRARY_SEARCH_PATHS = "$(inherited)";
				PRODUCT_BUNDLE_IDENTIFIER = "com.github.bcattle.AudioLogger-iOS";
				PRODUCT_NAME = "$(TARGET_NAME)";
				SWIFT_OBJC_BRIDGING_HEADER = "AudioLogger-iOS/AudioLogger-iOS-Bridging-Header.h";
				SWIFT_VERSION = 3.0;
			};
			name = Release;
		};
/* End XCBuildConfiguration section */

/* Begin XCConfigurationList section */
		93C707BF1E19C101008A0A39 /* Build configuration list for PBXProject "AudioLogger-iOS" */ = {
			isa = XCConfigurationList;
			buildConfigurations = (
				93C707D41E19C101008A0A39 /* Debug */,
				93C707D51E19C101008A0A39 /* Release */,
			);
			defaultConfigurationIsVisible = 0;
			defaultConfigurationName = Release;
		};
		93C707D61E19C101008A0A39 /* Build configuration list for PBXNativeTarget "AudioLogger-iOS" */ = {
			isa = XCConfigurationList;
			buildConfigurations = (
				93C707D71E19C101008A0A39 /* Debug */,
				93C707D81E19C101008A0A39 /* Release */,
			);
			defaultConfigurationIsVisible = 0;
			defaultConfigurationName = Release;
		};
/* End XCConfigurationList section */
	};
	rootObject = 93C707BC1E19C101008A0A39 /* Project object */;
}
